Microsoft Visual Studio Solution File, Format Version 12.00
# Visual Studio Version 17
VisualStudioVersion = 17.8.34525.116
MinimumVisualStudioVersion = 10.0.40219.1
Project("{FAE04EC0-301F-11D3-BF4B-00C04F79EFBC}") = "SimpleArraySum", "SimpleArraySum\SimpleArraySum.csproj", "{F5095438-7B7A-47C2-9875-A75FF966E6B1}"
EndProject
Project("{9A19103F-16F7-4668-BE54-9A1E7A4F7556}") = "SuperReducedString", "SuperReducedString\SuperReducedString.csproj", "{1A45F46D-0EA4-431B-B1CD-F81DAF1ED0FA}"
EndProject
Project("{FAE04EC0-301F-11D3-BF4B-00C04F79EFBC}") = "InsertionSortPart2", "InsertionSortPart1\InsertionSortPart2.csproj", "{5D31B85F-AA61-4394-BE8F-BD739582F7A8}"
EndProject
Project("{FAE04EC0-301F-11D3-BF4B-00C04F79EFBC}") = "quicksort2", "quicksort2\quicksort2.csproj", "{7C7192AF-0B7A-433D-B1AF-59056B5DCEC1}"
EndProject
Project("{FAE04EC0-301F-11D3-BF4B-00C04F79EFBC}") = "ConsoleInputTest", "TestConsoleInput\ConsoleInputTest.csproj", "{050D30CD-EC16-4D10-B11D-18643F15001E}"
EndProject
Project("{2150E333-8FDC-42A3-9474-1A3956D46DE8}") = "Algorithms", "Algorithms", "{C659F6EB-A40C-4893-81D3-24146F6F57F4}"
EndProject
Project("{2150E333-8FDC-42A3-9474-1A3956D46DE8}") = "Sorting", "Sorting", "{E399F583-7082-463B-825A-8D0486731892}"
EndProject
Project("{2150E333-8FDC-42A3-9474-1A3956D46DE8}") = "InsertionSort", "InsertionSort", "{A19930A0-4D2B-4652-8FE5-69CEA9B4E651}"
EndProject
Project("{2150E333-8FDC-42A3-9474-1A3956D46DE8}") = "QuickSort", "QuickSort", "{2D37D64E-ADD7-4941-B1D3-087570186053}"
EndProject
Project("{2150E333-8FDC-42A3-9474-1A3956D46DE8}") = "CountingSort", "CountingSort", "{7CFB615F-F65C-40A1-A4B1-D06F7D77465A}"
EndProject
Project("{FAE04EC0-301F-11D3-BF4B-00C04F79EFBC}") = "InsertionSortCorrectnessAndLoopInvariant", "InsertionSortCorrectnessAndLoopInvariant\InsertionSortCorrectnessAndLoopInvariant.csproj", "{82CAECE5-F597-4197-8057-B904101570FB}"
EndProject
Project("{FAE04EC0-301F-11D3-BF4B-00C04F79EFBC}") = "CountingSort1", "CountingSort1\CountingSort1.csproj", "{9495BCDF-A598-4658-8F81-6306EF3BF222}"
EndProject
Project("{FAE04EC0-301F-11D3-BF4B-00C04F79EFBC}") = "MergeSort", "MergeSort\MergeSort.csproj", "{10A2E645-DA3B-4ACB-BDBC-350D9AF1CFA4}"
EndProject
Project("{2150E333-8FDC-42A3-9474-1A3956D46DE8}") = "DataStructures", "DataStructures", "{812C2285-8EBC-459E-90C7-E7227FA6F6ED}"
EndProject
Project("{2150E333-8FDC-42A3-9474-1A3956D46DE8}") = "Trees", "Trees", "{4D1DF7A2-F688-473B-B663-B3E93197C839}"
	ProjectSection(SolutionItems) = preProject
		CPlusPlus_Preorder.txt = CPlusPlus_Preorder.txt
	EndProjectSection
EndProject
Project("{2150E333-8FDC-42A3-9474-1A3956D46DE8}") = "Strings", "Strings", "{E7755FC1-D792-420B-805D-C6F159B3AE3C}"
EndProject
Project("{FAE04EC0-301F-11D3-BF4B-00C04F79EFBC}") = "RemoveDuplicates", "RemoveDuplicates\RemoveDuplicates.csproj", "{40929766-4AA5-4F37-92AF-C72D0F3DF709}"
EndProject
Project("{FAE04EC0-301F-11D3-BF4B-00C04F79EFBC}") = "BloombergExcelHeaders", "Bloomberg1\BloombergExcelHeaders.csproj", "{B1F2F3BE-68A4-4281-BF03-0ECD4F2E2D4D}"
EndProject
Project("{FAE04EC0-301F-11D3-BF4B-00C04F79EFBC}") = "AmazonTest", "AmazonTest\AmazonTest.csproj", "{349D1761-1FF4-4C49-9108-94C86A34F62E}"
EndProject
Project("{FAE04EC0-301F-11D3-BF4B-00C04F79EFBC}") = "DynamicType", "DynamicType\DynamicType.csproj", "{56D05007-3FB5-49D4-8CDB-EB4E65F67CD4}"
EndProject
Project("{FAE04EC0-301F-11D3-BF4B-00C04F79EFBC}") = "TeamTournament", "TeamTournament\TeamTournament.csproj", "{1AC8D0AE-728A-4927-AD64-FD184CB7679B}"
EndProject
Project("{FAE04EC0-301F-11D3-BF4B-00C04F79EFBC}") = "SciexTest1TargetSum", "SciexTest\SciexTest1TargetSum.csproj", "{476CA69A-86A5-4BC5-8A6F-C725715B3686}"
EndProject
Project("{FAE04EC0-301F-11D3-BF4B-00C04F79EFBC}") = "Asad", "Asad\Asad.csproj", "{1C5C05A3-06F0-4863-9E20-85D11B6D368F}"
EndProject
Project("{9A19103F-16F7-4668-BE54-9A1E7A4F7556}") = "FlattenList", "FlattenList\FlattenList.csproj", "{D8399742-10C1-4370-B4FF-E4AD5CCC58DD}"
EndProject
Project("{FAE04EC0-301F-11D3-BF4B-00C04F79EFBC}") = "GraphAlgorithms", "GraphAlgorithms\GraphAlgorithms.csproj", "{DBF327C0-84D6-4B35-8971-908708B3F348}"
EndProject
Project("{9A19103F-16F7-4668-BE54-9A1E7A4F7556}") = "SortOneStringByAnother", "SortOneStringByAnother\SortOneStringByAnother.csproj", "{60A9F453-D7E2-4B3D-8F9B-584DA833DF7E}"
EndProject
Project("{9A19103F-16F7-4668-BE54-9A1E7A4F7556}") = "ReverseStringRecursive", "ReverseStringRecursive\ReverseStringRecursive.csproj", "{00BCBEC8-438B-427C-8B1A-FB4F2B1FEA91}"
EndProject
Project("{FAE04EC0-301F-11D3-BF4B-00C04F79EFBC}") = "SubstringAlgorithms", "SubstringAlgorithms\SubstringAlgorithms.csproj", "{F8D99CE6-A9D7-4B5E-84E4-B37761978C67}"
EndProject
Project("{9A19103F-16F7-4668-BE54-9A1E7A4F7556}") = "PartsComparison", "PartsComparison\PartsComparison.csproj", "{02AF6F62-4139-4162-8A3C-4697DA8EE5AB}"
EndProject
Project("{9A19103F-16F7-4668-BE54-9A1E7A4F7556}") = "IsomorphicWordsSort", "IsomorphicWordsSort\IsomorphicWordsSort.csproj", "{BEE12D4D-C983-496C-9F27-B2E0FE9C5D37}"
EndProject
Project("{9A19103F-16F7-4668-BE54-9A1E7A4F7556}") = "Test2024_1", "Test2024_1\Test2024_1.csproj", "{962A79A3-D15A-4589-B5E0-39C65846837A}"
EndProject
Project("{FAE04EC0-301F-11D3-BF4B-00C04F79EFBC}") = "TestConsoleNET48_2024", "Console.NET4.8_2024\TestConsoleNET48_2024.csproj", "{FC86FE22-8D0B-46C0-B0C0-FBDC1E66868E}"
EndProject
Project("{FAE04EC0-301F-11D3-BF4B-00C04F79EFBC}") = "SciexTest2TwoThreadsPrintArray", "SciexTest2TwoThreadsPrintArray\SciexTest2TwoThreadsPrintArray.csproj", "{949186B0-5333-4769-A816-3345EB003132}"
EndProject
Global
	GlobalSection(SolutionConfigurationPlatforms) = preSolution
		Debug|Any CPU = Debug|Any CPU
		Release|Any CPU = Release|Any CPU
	EndGlobalSection
	GlobalSection(ProjectConfigurationPlatforms) = postSolution
		{F5095438-7B7A-47C2-9875-A75FF966E6B1}.Debug|Any CPU.ActiveCfg = Debug|Any CPU
		{F5095438-7B7A-47C2-9875-A75FF966E6B1}.Debug|Any CPU.Build.0 = Debug|Any CPU
		{F5095438-7B7A-47C2-9875-A75FF966E6B1}.Release|Any CPU.ActiveCfg = Release|Any CPU
		{F5095438-7B7A-47C2-9875-A75FF966E6B1}.Release|Any CPU.Build.0 = Release|Any CPU
		{1A45F46D-0EA4-431B-B1CD-F81DAF1ED0FA}.Debug|Any CPU.ActiveCfg = Debug|Any CPU
		{1A45F46D-0EA4-431B-B1CD-F81DAF1ED0FA}.Debug|Any CPU.Build.0 = Debug|Any CPU
		{1A45F46D-0EA4-431B-B1CD-F81DAF1ED0FA}.Release|Any CPU.ActiveCfg = Release|Any CPU
		{1A45F46D-0EA4-431B-B1CD-F81DAF1ED0FA}.Release|Any CPU.Build.0 = Release|Any CPU
		{5D31B85F-AA61-4394-BE8F-BD739582F7A8}.Debug|Any CPU.ActiveCfg = Debug|Any CPU
		{5D31B85F-AA61-4394-BE8F-BD739582F7A8}.Debug|Any CPU.Build.0 = Debug|Any CPU
		{5D31B85F-AA61-4394-BE8F-BD739582F7A8}.Release|Any CPU.ActiveCfg = Release|Any CPU
		{5D31B85F-AA61-4394-BE8F-BD739582F7A8}.Release|Any CPU.Build.0 = Release|Any CPU
		{7C7192AF-0B7A-433D-B1AF-59056B5DCEC1}.Debug|Any CPU.ActiveCfg = Debug|Any CPU
		{7C7192AF-0B7A-433D-B1AF-59056B5DCEC1}.Debug|Any CPU.Build.0 = Debug|Any CPU
		{7C7192AF-0B7A-433D-B1AF-59056B5DCEC1}.Release|Any CPU.ActiveCfg = Release|Any CPU
		{7C7192AF-0B7A-433D-B1AF-59056B5DCEC1}.Release|Any CPU.Build.0 = Release|Any CPU
		{050D30CD-EC16-4D10-B11D-18643F15001E}.Debug|Any CPU.ActiveCfg = Debug|Any CPU
		{050D30CD-EC16-4D10-B11D-18643F15001E}.Debug|Any CPU.Build.0 = Debug|Any CPU
		{050D30CD-EC16-4D10-B11D-18643F15001E}.Release|Any CPU.ActiveCfg = Release|Any CPU
		{050D30CD-EC16-4D10-B11D-18643F15001E}.Release|Any CPU.Build.0 = Release|Any CPU
		{82CAECE5-F597-4197-8057-B904101570FB}.Debug|Any CPU.ActiveCfg = Debug|Any CPU
		{82CAECE5-F597-4197-8057-B904101570FB}.Debug|Any CPU.Build.0 = Debug|Any CPU
		{82CAECE5-F597-4197-8057-B904101570FB}.Release|Any CPU.ActiveCfg = Release|Any CPU
		{82CAECE5-F597-4197-8057-B904101570FB}.Release|Any CPU.Build.0 = Release|Any CPU
		{9495BCDF-A598-4658-8F81-6306EF3BF222}.Debug|Any CPU.ActiveCfg = Debug|Any CPU
		{9495BCDF-A598-4658-8F81-6306EF3BF222}.Debug|Any CPU.Build.0 = Debug|Any CPU
		{9495BCDF-A598-4658-8F81-6306EF3BF222}.Release|Any CPU.ActiveCfg = Release|Any CPU
		{9495BCDF-A598-4658-8F81-6306EF3BF222}.Release|Any CPU.Build.0 = Release|Any CPU
		{10A2E645-DA3B-4ACB-BDBC-350D9AF1CFA4}.Debug|Any CPU.ActiveCfg = Debug|Any CPU
		{10A2E645-DA3B-4ACB-BDBC-350D9AF1CFA4}.Debug|Any CPU.Build.0 = Debug|Any CPU
		{10A2E645-DA3B-4ACB-BDBC-350D9AF1CFA4}.Release|Any CPU.ActiveCfg = Release|Any CPU
		{10A2E645-DA3B-4ACB-BDBC-350D9AF1CFA4}.Release|Any CPU.Build.0 = Release|Any CPU
		{40929766-4AA5-4F37-92AF-C72D0F3DF709}.Debug|Any CPU.ActiveCfg = Debug|Any CPU
		{40929766-4AA5-4F37-92AF-C72D0F3DF709}.Debug|Any CPU.Build.0 = Debug|Any CPU
		{40929766-4AA5-4F37-92AF-C72D0F3DF709}.Release|Any CPU.ActiveCfg = Release|Any CPU
		{40929766-4AA5-4F37-92AF-C72D0F3DF709}.Release|Any CPU.Build.0 = Release|Any CPU
		{B1F2F3BE-68A4-4281-BF03-0ECD4F2E2D4D}.Debug|Any CPU.ActiveCfg = Debug|Any CPU
		{B1F2F3BE-68A4-4281-BF03-0ECD4F2E2D4D}.Debug|Any CPU.Build.0 = Debug|Any CPU
		{B1F2F3BE-68A4-4281-BF03-0ECD4F2E2D4D}.Release|Any CPU.ActiveCfg = Release|Any CPU
		{B1F2F3BE-68A4-4281-BF03-0ECD4F2E2D4D}.Release|Any CPU.Build.0 = Release|Any CPU
		{349D1761-1FF4-4C49-9108-94C86A34F62E}.Debug|Any CPU.ActiveCfg = Debug|Any CPU
		{349D1761-1FF4-4C49-9108-94C86A34F62E}.Debug|Any CPU.Build.0 = Debug|Any CPU
		{349D1761-1FF4-4C49-9108-94C86A34F62E}.Release|Any CPU.ActiveCfg = Release|Any CPU
		{349D1761-1FF4-4C49-9108-94C86A34F62E}.Release|Any CPU.Build.0 = Release|Any CPU
		{56D05007-3FB5-49D4-8CDB-EB4E65F67CD4}.Debug|Any CPU.ActiveCfg = Debug|Any CPU
		{56D05007-3FB5-49D4-8CDB-EB4E65F67CD4}.Debug|Any CPU.Build.0 = Debug|Any CPU
		{56D05007-3FB5-49D4-8CDB-EB4E65F67CD4}.Release|Any CPU.ActiveCfg = Release|Any CPU
		{56D05007-3FB5-49D4-8CDB-EB4E65F67CD4}.Release|Any CPU.Build.0 = Release|Any CPU
		{1AC8D0AE-728A-4927-AD64-FD184CB7679B}.Debug|Any CPU.ActiveCfg = Debug|Any CPU
		{1AC8D0AE-728A-4927-AD64-FD184CB7679B}.Debug|Any CPU.Build.0 = Debug|Any CPU
		{1AC8D0AE-728A-4927-AD64-FD184CB7679B}.Release|Any CPU.ActiveCfg = Release|Any CPU
		{1AC8D0AE-728A-4927-AD64-FD184CB7679B}.Release|Any CPU.Build.0 = Release|Any CPU
		{476CA69A-86A5-4BC5-8A6F-C725715B3686}.Debug|Any CPU.ActiveCfg = Debug|Any CPU
		{476CA69A-86A5-4BC5-8A6F-C725715B3686}.Debug|Any CPU.Build.0 = Debug|Any CPU
		{476CA69A-86A5-4BC5-8A6F-C725715B3686}.Release|Any CPU.ActiveCfg = Release|Any CPU
		{476CA69A-86A5-4BC5-8A6F-C725715B3686}.Release|Any CPU.Build.0 = Release|Any CPU
		{1C5C05A3-06F0-4863-9E20-85D11B6D368F}.Debug|Any CPU.ActiveCfg = Debug|Any CPU
		{1C5C05A3-06F0-4863-9E20-85D11B6D368F}.Release|Any CPU.ActiveCfg = Release|Any CPU
		{D8399742-10C1-4370-B4FF-E4AD5CCC58DD}.Debug|Any CPU.ActiveCfg = Debug|Any CPU
		{D8399742-10C1-4370-B4FF-E4AD5CCC58DD}.Debug|Any CPU.Build.0 = Debug|Any CPU
		{D8399742-10C1-4370-B4FF-E4AD5CCC58DD}.Release|Any CPU.ActiveCfg = Release|Any CPU
		{D8399742-10C1-4370-B4FF-E4AD5CCC58DD}.Release|Any CPU.Build.0 = Release|Any CPU
		{DBF327C0-84D6-4B35-8971-908708B3F348}.Debug|Any CPU.ActiveCfg = Debug|Any CPU
		{DBF327C0-84D6-4B35-8971-908708B3F348}.Debug|Any CPU.Build.0 = Debug|Any CPU
		{DBF327C0-84D6-4B35-8971-908708B3F348}.Release|Any CPU.ActiveCfg = Release|Any CPU
		{DBF327C0-84D6-4B35-8971-908708B3F348}.Release|Any CPU.Build.0 = Release|Any CPU
		{60A9F453-D7E2-4B3D-8F9B-584DA833DF7E}.Debug|Any CPU.ActiveCfg = Debug|Any CPU
		{60A9F453-D7E2-4B3D-8F9B-584DA833DF7E}.Debug|Any CPU.Build.0 = Debug|Any CPU
		{60A9F453-D7E2-4B3D-8F9B-584DA833DF7E}.Release|Any CPU.ActiveCfg = Release|Any CPU
		{60A9F453-D7E2-4B3D-8F9B-584DA833DF7E}.Release|Any CPU.Build.0 = Release|Any CPU
		{00BCBEC8-438B-427C-8B1A-FB4F2B1FEA91}.Debug|Any CPU.ActiveCfg = Debug|Any CPU
		{00BCBEC8-438B-427C-8B1A-FB4F2B1FEA91}.Debug|Any CPU.Build.0 = Debug|Any CPU
		{00BCBEC8-438B-427C-8B1A-FB4F2B1FEA91}.Release|Any CPU.ActiveCfg = Release|Any CPU
		{00BCBEC8-438B-427C-8B1A-FB4F2B1FEA91}.Release|Any CPU.Build.0 = Release|Any CPU
		{F8D99CE6-A9D7-4B5E-84E4-B37761978C67}.Debug|Any CPU.ActiveCfg = Debug|Any CPU
		{F8D99CE6-A9D7-4B5E-84E4-B37761978C67}.Debug|Any CPU.Build.0 = Debug|Any CPU
		{F8D99CE6-A9D7-4B5E-84E4-B37761978C67}.Release|Any CPU.ActiveCfg = Release|Any CPU
		{F8D99CE6-A9D7-4B5E-84E4-B37761978C67}.Release|Any CPU.Build.0 = Release|Any CPU
		{02AF6F62-4139-4162-8A3C-4697DA8EE5AB}.Debug|Any CPU.ActiveCfg = Debug|Any CPU
		{02AF6F62-4139-4162-8A3C-4697DA8EE5AB}.Debug|Any CPU.Build.0 = Debug|Any CPU
		{02AF6F62-4139-4162-8A3C-4697DA8EE5AB}.Release|Any CPU.ActiveCfg = Release|Any CPU
		{02AF6F62-4139-4162-8A3C-4697DA8EE5AB}.Release|Any CPU.Build.0 = Release|Any CPU
		{BEE12D4D-C983-496C-9F27-B2E0FE9C5D37}.Debug|Any CPU.ActiveCfg = Debug|Any CPU
		{BEE12D4D-C983-496C-9F27-B2E0FE9C5D37}.Debug|Any CPU.Build.0 = Debug|Any CPU
		{BEE12D4D-C983-496C-9F27-B2E0FE9C5D37}.Release|Any CPU.ActiveCfg = Release|Any CPU
		{BEE12D4D-C983-496C-9F27-B2E0FE9C5D37}.Release|Any CPU.Build.0 = Release|Any CPU
		{962A79A3-D15A-4589-B5E0-39C65846837A}.Debug|Any CPU.ActiveCfg = Debug|Any CPU
		{962A79A3-D15A-4589-B5E0-39C65846837A}.Debug|Any CPU.Build.0 = Debug|Any CPU
		{962A79A3-D15A-4589-B5E0-39C65846837A}.Release|Any CPU.ActiveCfg = Release|Any CPU
		{962A79A3-D15A-4589-B5E0-39C65846837A}.Release|Any CPU.Build.0 = Release|Any CPU
		{FC86FE22-8D0B-46C0-B0C0-FBDC1E66868E}.Debug|Any CPU.ActiveCfg = Debug|Any CPU
		{FC86FE22-8D0B-46C0-B0C0-FBDC1E66868E}.Debug|Any CPU.Build.0 = Debug|Any CPU
		{FC86FE22-8D0B-46C0-B0C0-FBDC1E66868E}.Release|Any CPU.ActiveCfg = Release|Any CPU
		{FC86FE22-8D0B-46C0-B0C0-FBDC1E66868E}.Release|Any CPU.Build.0 = Release|Any CPU
		{949186B0-5333-4769-A816-3345EB003132}.Debug|Any CPU.ActiveCfg = Debug|Any CPU
		{949186B0-5333-4769-A816-3345EB003132}.Debug|Any CPU.Build.0 = Debug|Any CPU
		{949186B0-5333-4769-A816-3345EB003132}.Release|Any CPU.ActiveCfg = Release|Any CPU
		{949186B0-5333-4769-A816-3345EB003132}.Release|Any CPU.Build.0 = Release|Any CPU
	EndGlobalSection
	GlobalSection(SolutionProperties) = preSolution
		HideSolutionNode = FALSE
	EndGlobalSection
	GlobalSection(NestedProjects) = preSolution
		{5D31B85F-AA61-4394-BE8F-BD739582F7A8} = {A19930A0-4D2B-4652-8FE5-69CEA9B4E651}
		{7C7192AF-0B7A-433D-B1AF-59056B5DCEC1} = {2D37D64E-ADD7-4941-B1D3-087570186053}
		{E399F583-7082-463B-825A-8D0486731892} = {C659F6EB-A40C-4893-81D3-24146F6F57F4}
		{A19930A0-4D2B-4652-8FE5-69CEA9B4E651} = {E399F583-7082-463B-825A-8D0486731892}
		{2D37D64E-ADD7-4941-B1D3-087570186053} = {E399F583-7082-463B-825A-8D0486731892}
		{7CFB615F-F65C-40A1-A4B1-D06F7D77465A} = {E399F583-7082-463B-825A-8D0486731892}
		{82CAECE5-F597-4197-8057-B904101570FB} = {A19930A0-4D2B-4652-8FE5-69CEA9B4E651}
		{9495BCDF-A598-4658-8F81-6306EF3BF222} = {7CFB615F-F65C-40A1-A4B1-D06F7D77465A}
		{10A2E645-DA3B-4ACB-BDBC-350D9AF1CFA4} = {E399F583-7082-463B-825A-8D0486731892}
		{4D1DF7A2-F688-473B-B663-B3E93197C839} = {812C2285-8EBC-459E-90C7-E7227FA6F6ED}
		{E7755FC1-D792-420B-805D-C6F159B3AE3C} = {C659F6EB-A40C-4893-81D3-24146F6F57F4}
		{40929766-4AA5-4F37-92AF-C72D0F3DF709} = {E7755FC1-D792-420B-805D-C6F159B3AE3C}
		{00BCBEC8-438B-427C-8B1A-FB4F2B1FEA91} = {E7755FC1-D792-420B-805D-C6F159B3AE3C}
	EndGlobalSection
	GlobalSection(ExtensibilityGlobals) = postSolution
		SolutionGuid = {D6F56B0B-482A-4110-A608-100563F69543}
	EndGlobalSection
EndGlobal
