
Microsoft Visual Studio Solution File, Format Version 12.00
# Visual Studio 15
VisualStudioVersion = 15.0.26730.16
MinimumVisualStudioVersion = 10.0.40219.1
Project("{FAE04EC0-301F-11D3-BF4B-00C04F79EFBC}") = "BloombergFlattenList", "BloombergFlattenList\BloombergFlattenList.csproj", "{0188E4D5-B23B-4461-8803-C39DD072ED73}"
EndProject
Global
	GlobalSection(SolutionConfigurationPlatforms) = preSolution
		Debug|Any CPU = Debug|Any CPU
		Release|Any CPU = Release|Any CPU
	EndGlobalSection
	GlobalSection(ProjectConfigurationPlatforms) = postSolution
		{0188E4D5-B23B-4461-8803-C39DD072ED73}.Debug|Any CPU.ActiveCfg = Debug|Any CPU
		{0188E4D5-B23B-4461-8803-C39DD072ED73}.Debug|Any CPU.Build.0 = Debug|Any CPU
		{0188E4D5-B23B-4461-8803-C39DD072ED73}.Release|Any CPU.ActiveCfg = Release|Any CPU
		{0188E4D5-B23B-4461-8803-C39DD072ED73}.Release|Any CPU.Build.0 = Release|Any CPU
	EndGlobalSection
	GlobalSection(SolutionProperties) = preSolution
		HideSolutionNode = FALSE
	EndGlobalSection
	GlobalSection(ExtensibilityGlobals) = postSolution
		SolutionGuid = {B24F2567-CC4F-4503-B87D-F7080A06F83B}
	EndGlobalSection
EndGlobal
